// !$*UTF8*$!
{
	archiveVersion = 1;
	classes = {
	};
	objectVersion = 110;
	objects = {

/* Begin PBXContainerItemProxy section */
		18B416333062739F00B84060 /* PBXContainerItemProxy */ = {
			isa = PBXContainerItemProxy;
			containerPortal = 18B4161D3062739C00B84060 /* Project object */;
			proxyType = 1;
			remoteGlobalIDString = 18B416243062739C00B84060;
			remoteInfo = Bookavelle;
		};
		18B4163D3062739F00B84060 /* PBXContainerItemProxy */ = {
			isa = PBXContainerItemProxy;
			containerPortal = 18B4161D3062739C00B84060 /* Project object */;
			proxyType = 1;
			remoteGlobalIDString = 18B416243062739C00B84060;
			remoteInfo = Bookavelle;
		};
/* End PBXContainerItemProxy section */

/* Begin PBXFileReference section */
		18B416253062739C00B84060 /* Bookavelle.app */ = {isa = PBXFileReference; explicitFileType = wrapper.application; includeInIndex = 0; path = Bookavelle.app; sourceTree = BUILT_PRODUCTS_DIR; };
		18B416323062739F00B84060 /* BookavelleTests.xctest */ = {isa = PBXFileReference; explicitFileType = wrapper.cfbundle; includeInIndex = 0; path = BookavelleTests.xctest; sourceTree = BUILT_PRODUCTS_DIR; };
		18B4163C3062739F00B84060 /* BookavelleUITests.xctest */ = {isa = PBXFileReference; explicitFileType = wrapper.cfbundle; includeInIndex = 0; path = BookavelleUITests.xctest; sourceTree = BUILT_PRODUCTS_DIR; };
/* End PBXFileReference section */

/* Begin PBXFileSystemSynchronizedRootGroup section */
		18B416273062739C00B84060 /* Bookavelle */ = {
			isa = PBXFileSystemSynchronizedRootGroup;
			path = Bookavelle;
			sourceTree = "<group>";
		};
		18B416353062739F00B84060 /* BookavelleTests */ = {
			isa = PBXFileSystemSynchronizedRootGroup;
			path = BookavelleTests;
			sourceTree = "<group>";
		};
		18B4163F3062739F00B84060 /* BookavelleUITests */ = {
			isa = PBXFileSystemSynchronizedRootGroup;
			path = BookavelleUITests;
			sourceTree = "<group>";
		};
/* End PBXFileSystemSynchronizedRootGroup section */

/* Begin PBXFrameworksBuildPhase section */
		18B416223062739C00B84060 /* Frameworks */ = {
			isa = PBXFrameworksBuildPhase;
			files = (
			);
		};
		18B4162F3062739F00B84060 /* Frameworks */ = {
			isa = PBXFrameworksBuildPhase;
			files = (
			);
		};
		18B416393062739F00B84060 /* Frameworks */ = {
			isa = PBXFrameworksBuildPhase;
			files = (
			);
		};
/* End PBXFrameworksBuildPhase section */

/* Begin PBXGroup section */
		18B4161C3062739C00B84060 = {
			isa = PBXGroup;
			children = (
				18B416273062739C00B84060 /* Bookavelle */,
				18B416353062739F00B84060 /* BookavelleTests */,
				18B4163F3062739F00B84060 /* BookavelleUITests */,
				18B416263062739C00B84060 /* Products */,
			);
			sourceTree = "<group>";
		};
		18B416263062739C00B84060 /* Products */ = {
			isa = PBXGroup;
			children = (
				18B416253062739C00B84060 /* Bookavelle.app */,
				18B416323062739F00B84060 /* BookavelleTests.xctest */,
				18B4163C3062739F00B84060 /* BookavelleUITests.xctest */,
			);
			name = Products;
			sourceTree = "<group>";
		};
/* End PBXGroup section */

/* Begin PBXNativeTarget section */
		18B416243062739C00B84060 /* Bookavelle */ = {
			isa = PBXNativeTarget;
			buildConfigurationList = 18B416443062739F00B84060 /* Build configuration list for PBXNativeTarget "Bookavelle" */;
			buildPhases = (
				18B416213062739C00B84060 /* Sources */,
				18B416223062739C00B84060 /* Frameworks */,
				18B416233062739C00B84060 /* Resources */,
			);
			buildRules = (
			);
			fileSystemSynchronizedGroups = (
				18B416273062739C00B84060 /* Bookavelle */,
			);
			name = Bookavelle;
			productName = Bookavelle;
			productReference = 18B416253062739C00B84060 /* Bookavelle.app */;
			productType = "com.apple.product-type.application";
		};
		18B416313062739F00B84060 /* BookavelleTests */ = {
			isa = PBXNativeTarget;
			buildConfigurationList = 18B416473062739F00B84060 /* Build configuration list for PBXNativeTarget "BookavelleTests" */;
			buildPhases = (
				18B4162E3062739F00B84060 /* Sources */,
				18B4162F3062739F00B84060 /* Frameworks */,
				18B416303062739F00B84060 /* Resources */,
			);
			buildRules = (
			);
			dependencies = (
				18B416343062739F00B84060 /* PBXTargetDependency */,
			);
			fileSystemSynchronizedGroups = (
				18B416353062739F00B84060 /* BookavelleTests */,
			);
			name = BookavelleTests;
			productName = BookavelleTests;
			productReference = 18B416323062739F00B84060 /* BookavelleTests.xctest */;
			productType = "com.apple.product-type.bundle.unit-test";
		};
		18B4163B3062739F00B84060 /* BookavelleUITests */ = {
			isa = PBXNativeTarget;
			buildConfigurationList = 18B4164A3062739F00B84060 /* Build configuration list for PBXNativeTarget "BookavelleUITests" */;
			buildPhases = (
				18B416383062739F00B84060 /* Sources */,
				18B416393062739F00B84060 /* Frameworks */,
				18B4163A3062739F00B84060 /* Resources */,
			);
			buildRules = (
			);
			dependencies = (
				18B4163E3062739F00B84060 /* PBXTargetDependency */,
			);
			fileSystemSynchronizedGroups = (
				18B4163F3062739F00B84060 /* BookavelleUITests */,
			);
			name = BookavelleUITests;
			productName = BookavelleUITests;
			productReference = 18B4163C3062739F00B84060 /* BookavelleUITests.xctest */;
			productType = "com.apple.product-type.bundle.ui-testing";
		};
/* End PBXNativeTarget section */

/* Begin PBXProject section */
		18B4161D3062739C00B84060 /* Project object */ = {
			isa = PBXProject;
			attributes = {
				BuildIndependentTargetsInParallel = 1;
				LastSwiftUpdateCheck = 2700;
				LastUpgradeCheck = 2700;
				TargetAttributes = {
					18B416243062739C00B84060 = {
						CreatedOnToolsVersion = 27.0;
					};
					18B416313062739F00B84060 = {
						CreatedOnToolsVersion = 27.0;
						TestTargetID = 18B416243062739C00B84060;
					};
					18B4163B3062739F00B84060 = {
						CreatedOnToolsVersion = 27.0;
						TestTargetID = 18B416243062739C00B84060;
					};
				};
			};
			buildConfigurationList = 18B416203062739C00B84060 /* Build configuration list for PBXProject "Bookavelle" */;
			developmentRegion = en;
			hasScannedForEncodings = 0;
			knownRegions = (
				en,
				Base,
			);
			mainGroup = 18B4161C3062739C00B84060;
			minimizedProjectReferenceProxies = 1;
			preferredProjectObjectVersion = 77;
			productRefGroup = 18B416263062739C00B84060 /* Products */;
			projectDirPath = "";
			projectRoot = "";
			targets = (
				18B416243062739C00B84060 /* Bookavelle */,
				18B416313062739F00B84060 /* BookavelleTests */,
				18B4163B3062739F00B84060 /* BookavelleUITests */,
			);
		};
/* End PBXProject section */

/* Begin PBXResourcesBuildPhase section */
		18B416233062739C00B84060 /* Resources */ = {
			isa = PBXResourcesBuildPhase;
			files = (
			);
		};
		18B416303062739F00B84060 /* Resources */ = {
			isa = PBXResourcesBuildPhase;
			files = (
			);
		};
		18B4163A3062739F00B84060 /* Resources */ = {
			isa = PBXResourcesBuildPhase;
			files = (
			);
		};
/* End PBXResourcesBuildPhase section */

/* Begin PBXSourcesBuildPhase section */
		18B416213062739C00B84060 /* Sources */ = {
			isa = PBXSourcesBuildPhase;
			files = (
			);
		};
		18B4162E3062739F00B84060 /* Sources */ = {
			isa = PBXSourcesBuildPhase;
			files = (
			);
		};
		18B416383062739F00B84060 /* Sources */ = {
			isa = PBXSourcesBuildPhase;
			files = (
			);
		};
/* End PBXSourcesBuildPhase section */

/* Begin PBXTargetDependency section */
		18B416343062739F00B84060 /* PBXTargetDependency */ = {
			isa = PBXTargetDependency;
			target = 18B416243062739C00B84060 /* Bookavelle */;
			targetProxy = 18B416333062739F00B84060 /* PBXContainerItemProxy */;
		};
		18B4163E3062739F00B84060 /* PBXTargetDependency */ = {
			isa = PBXTargetDependency;
			target = 18B416243062739C00B84060 /* Bookavelle */;
			targetProxy = 18B4163D3062739F00B84060 /* PBXContainerItemProxy */;
		};
/* End PBXTargetDependency section */

/* Begin XCBuildConfiguration section */
		18B416423062739F00B84060 /* Debug configuration for PBXProject "Bookavelle" */ = {
			isa = XCBuildConfiguration;
			buildSettings = {
				ALWAYS_SEARCH_USER_PATHS = NO;
				ASSETCATALOG_COMPILER_GENERATE_SWIFT_ASSET_SYMBOL_EXTENSIONS = YES;
				CLANG_ANALYZER_NONNULL = YES;
				CLANG_ANALYZER_NUMBER_OBJECT_CONVERSION = YES_AGGRESSIVE;
				CLANG_CXX_LANGUAGE_STANDARD = "gnu++20";
				CLANG_ENABLE_MODULES = YES;
				CLANG_ENABLE_OBJC_ARC = YES;
				CLANG_ENABLE_OBJC_WEAK = YES;
				CLANG_WARN_BLOCK_CAPTURE_AUTORELEASING = YES;
				CLANG_WARN_BOOL_CONVERSION = YES;
				CLANG_WARN_COMMA = YES;
				CLANG_WARN_CONSTANT_CONVERSION = YES;
				CLANG_WARN_DEPRECATED_OBJC_IMPLEMENTATIONS = YES;
				CLANG_WARN_DIRECT_OBJC_ISA_USAGE = YES_ERROR;
				CLANG_WARN_DOCUMENTATION_COMMENTS = YES;
				CLANG_WARN_EMPTY_BODY = YES;
				CLANG_WARN_ENUM_CONVERSION = YES;
				CLANG_WARN_INFINITE_RECURSION = YES;
				CLANG_WARN_INT_CONVERSION = YES;
				CLANG_WARN_NON_LITERAL_NULL_CONVERSION = YES;
				CLANG_WARN_OBJC_IMPLICIT_RETAIN_SELF = YES;
				CLANG_WARN_OBJC_LITERAL_CONVERSION = YES;
				CLANG_WARN_OBJC_ROOT_CLASS = YES_ERROR;
				CLANG_WARN_QUOTED_INCLUDE_IN_FRAMEWORK_HEADER = YES;
				CLANG_WARN_RANGE_LOOP_ANALYSIS = YES;
				CLANG_WARN_STRICT_PROTOTYPES = YES;
				CLANG_WARN_SUSPICIOUS_MOVE = YES;
				CLANG_WARN_UNGUARDED_AVAILABILITY = YES_AGGRESSIVE;
				CLANG_WARN_UNREACHABLE_CODE = YES;
				CLANG_WARN__DUPLICATE_METHOD_MATCH = YES;
				COPY_PHASE_STRIP = NO;
				DEBUG_INFORMATION_FORMAT = dwarf;
				DEVELOPMENT_TEAM = 8MF89G73K4;
				ENABLE_STRICT_OBJC_MSGSEND = YES;
				ENABLE_TESTABILITY = YES;
				ENABLE_USER_SCRIPT_SANDBOXING = YES;
				GCC_C_LANGUAGE_STANDARD = gnu17;
				GCC_DYNAMIC_NO_PIC = NO;
				GCC_NO_COMMON_BLOCKS = YES;
				GCC_OPTIMIZATION_LEVEL = 0;
				GCC_PREPROCESSOR_DEFINITIONS = (
					"DEBUG=1",
					"$(inherited)",
				);
				GCC_WARN_64_TO_32_BIT_CONVERSION = YES;
				GCC_WARN_ABOUT_RETURN_TYPE = YES_ERROR;
				GCC_WARN_UNDECLARED_SELECTOR = YES;
				GCC_WARN_UNINITIALIZED_AUTOS = YES_AGGRESSIVE;
				GCC_WARN_UNUSED_FUNCTION = YES;
				GCC_WARN_UNUSED_VARIABLE = YES;
				IPHONEOS_DEPLOYMENT_TARGET = 27.0;
				LOCALIZATION_PREFERS_STRING_CATALOGS = YES;
				MTL_ENABLE_DEBUG_INFO = INCLUDE_SOURCE;
				MTL_FAST_MATH = YES;
				ONLY_ACTIVE_ARCH = YES;
				SDKROOT = iphoneos;
				SWIFT_ACTIVE_COMPILATION_CONDITIONS = "DEBUG $(inherited)";
				SWIFT_OPTIMIZATION_LEVEL = "-Onone";
			};
			name = Debug;
		};
		18B416433062739F00B84060 /* Release configuration for PBXProject "Bookavelle" */ = {
			isa = XCBuildConfiguration;
			buildSettings = {
				ALWAYS_SEARCH_USER_PATHS = NO;
				ASSETCATALOG_COMPILER_GENERATE_SWIFT_ASSET_SYMBOL_EXTENSIONS = YES;
				CLANG_ANALYZER_NONNULL = YES;
				CLANG_ANALYZER_NUMBER_OBJECT_CONVERSION = YES_AGGRESSIVE;
				CLANG_CXX_LANGUAGE_STANDARD = "gnu++20";
				CLANG_ENABLE_MODULES = YES;
				CLANG_ENABLE_OBJC_ARC = YES;
				CLANG_ENABLE_OBJC_WEAK = YES;
				CLANG_WARN_BLOCK_CAPTURE_AUTORELEASING = YES;
				CLANG_WARN_BOOL_CONVERSION = YES;
				CLANG_WARN_COMMA = YES;
				CLANG_WARN_CONSTANT_CONVERSION = YES;
				CLANG_WARN_DEPRECATED_OBJC_IMPLEMENTATIONS = YES;
				CLANG_WARN_DIRECT_OBJC_ISA_USAGE = YES_ERROR;
				CLANG_WARN_DOCUMENTATION_COMMENTS = YES;
				CLANG_WARN_EMPTY_BODY = YES;
				CLANG_WARN_ENUM_CONVERSION = YES;
				CLANG_WARN_INFINITE_RECURSION = YES;
				CLANG_WARN_INT_CONVERSION = YES;
				CLANG_WARN_NON_LITERAL_NULL_CONVERSION = YES;
				CLANG_WARN_OBJC_IMPLICIT_RETAIN_SELF = YES;
				CLANG_WARN_OBJC_LITERAL_CONVERSION = YES;
				CLANG_WARN_OBJC_ROOT_CLASS = YES_ERROR;
				CLANG_WARN_QUOTED_INCLUDE_IN_FRAMEWORK_HEADER = YES;
				CLANG_WARN_RANGE_LOOP_ANALYSIS = YES;
				CLANG_WARN_STRICT_PROTOTYPES = YES;
				CLANG_WARN_SUSPICIOUS_MOVE = YES;
				CLANG_WARN_UNGUARDED_AVAILABILITY = YES_AGGRESSIVE;
				CLANG_WARN_UNREACHABLE_CODE = YES;
				CLANG_WARN__DUPLICATE_METHOD_MATCH = YES;
				COPY_PHASE_STRIP = NO;
				DEBUG_INFORMATION_FORMAT = "dwarf-with-dsym";
				DEVELOPMENT_TEAM = 8MF89G73K4;
				ENABLE_NS_ASSERTIONS = NO;
				ENABLE_STRICT_OBJC_MSGSEND = YES;
				ENABLE_USER_SCRIPT_SANDBOXING = YES;
				GCC_C_LANGUAGE_STANDARD = gnu17;
				GCC_NO_COMMON_BLOCKS = YES;
				GCC_WARN_64_TO_32_BIT_CONVERSION = YES;
				GCC_WARN_ABOUT_RETURN_TYPE = YES_ERROR;
				GCC_WARN_UNDECLARED_SELECTOR = YES;
				GCC_WARN_UNINITIALIZED_AUTOS = YES_AGGRESSIVE;
				GCC_WARN_UNUSED_FUNCTION = YES;
				GCC_WARN_UNUSED_VARIABLE = YES;
				IPHONEOS_DEPLOYMENT_TARGET = 27.0;
				LOCALIZATION_PREFERS_STRING_CATALOGS = YES;
				MTL_ENABLE_DEBUG_INFO = NO;
				MTL_FAST_MATH = YES;
				SDKROOT = iphoneos;
				SWIFT_COMPILATION_MODE = wholemodule;
				VALIDATE_PRODUCT = YES;
			};
			name = Release;
		};
		18B416453062739F00B84060 /* Debug configuration for PBXNativeTarget "Bookavelle" */ = {
			isa = XCBuildConfiguration;
			buildSettings = {
				ASSETCATALOG_COMPILER_APPICON_NAME = AppIcon;
				ASSETCATALOG_COMPILER_GLOBAL_ACCENT_COLOR_NAME = AccentColor;
				CODE_SIGN_STYLE = Automatic;
				CURRENT_PROJECT_VERSION = 1;
				DEVELOPMENT_TEAM = 8MF89G73K4;
				ENABLE_PREVIEWS = YES;
				GENERATE_INFOPLIST_FILE = YES;
				INFOPLIST_KEY_UIApplicationSceneManifest_Generation = YES;
				INFOPLIST_KEY_UIApplicationSupportsIndirectInputEvents = YES;
				INFOPLIST_KEY_UILaunchScreen_Generation = YES;
				INFOPLIST_KEY_UISupportedInterfaceOrientations_iPad = "UIInterfaceOrientationPortrait UIInterfaceOrientationPortraitUpsideDown UIInterfaceOrientationLandscapeLeft UIInterfaceOrientationLandscapeRight";
				INFOPLIST_KEY_UISupportedInterfaceOrientations_iPhone = "UIInterfaceOrientationPortrait UIInterfaceOrientationLandscapeLeft UIInterfaceOrientationLandscapeRight";
				LD_RUNPATH_SEARCH_PATHS = (
					"$(inherited)",
					"@executable_path/Frameworks",
				);
				MARKETING_VERSION = 1.0;
				PRODUCT_BUNDLE_IDENTIFIER = com.misterfrogapps.Bookavelle;
				PRODUCT_NAME = "$(TARGET_NAME)";
				STRING_CATALOG_GENERATE_SYMBOLS = YES;
				SWIFT_APPROACHABLE_CONCURRENCY = YES;
				SWIFT_DEFAULT_ACTOR_ISOLATION = MainActor;
				SWIFT_EMIT_LOC_STRINGS = YES;
				SWIFT_UPCOMING_FEATURE_MEMBER_IMPORT_VISIBILITY = YES;
				SWIFT_VERSION = 5.0;
				TARGETED_DEVICE_FAMILY = "1,2";
			};
			name = Debug;
		};
		18B416463062739F00B84060 /* Release configuration for PBXNativeTarget "Bookavelle" */ = {
			isa = XCBuildConfiguration;
			buildSettings = {
				ASSETCATALOG_COMPILER_APPICON_NAME = AppIcon;
				ASSETCATALOG_COMPILER_GLOBAL_ACCENT_COLOR_NAME = AccentColor;
				CODE_SIGN_STYLE = Automatic;
				CURRENT_PROJECT_VERSION = 1;
				DEVELOPMENT_TEAM = 8MF89G73K4;
				ENABLE_PREVIEWS = YES;
				GENERATE_INFOPLIST_FILE = YES;
				INFOPLIST_KEY_UIApplicationSceneManifest_Generation = YES;
				INFOPLIST_KEY_UIApplicationSupportsIndirectInputEvents = YES;
				INFOPLIST_KEY_UILaunchScreen_Generation = YES;
				INFOPLIST_KEY_UISupportedInterfaceOrientations_iPad = "UIInterfaceOrientationPortrait UIInterfaceOrientationPortraitUpsideDown UIInterfaceOrientationLandscapeLeft UIInterfaceOrientationLandscapeRight";
				INFOPLIST_KEY_UISupportedInterfaceOrientations_iPhone = "UIInterfaceOrientationPortrait UIInterfaceOrientationLandscapeLeft UIInterfaceOrientationLandscapeRight";
				LD_RUNPATH_SEARCH_PATHS = (
					"$(inherited)",
					"@executable_path/Frameworks",
				);
				MARKETING_VERSION = 1.0;
				PRODUCT_BUNDLE_IDENTIFIER = com.misterfrogapps.Bookavelle;
				PRODUCT_NAME = "$(TARGET_NAME)";
				STRING_CATALOG_GENERATE_SYMBOLS = YES;
				SWIFT_APPROACHABLE_CONCURRENCY = YES;
				SWIFT_DEFAULT_ACTOR_ISOLATION = MainActor;
				SWIFT_EMIT_LOC_STRINGS = YES;
				SWIFT_UPCOMING_FEATURE_MEMBER_IMPORT_VISIBILITY = YES;
				SWIFT_VERSION = 5.0;
				TARGETED_DEVICE_FAMILY = "1,2";
			};
			name = Release;
		};
		18B416483062739F00B84060 /* Debug configuration for PBXNativeTarget "BookavelleTests" */ = {
			isa = XCBuildConfiguration;
			buildSettings = {
				BUNDLE_LOADER = "$(TEST_HOST)";
				CODE_SIGN_STYLE = Automatic;
				CURRENT_PROJECT_VERSION = 1;
				DEVELOPMENT_TEAM = 8MF89G73K4;
				GENERATE_INFOPLIST_FILE = YES;
				IPHONEOS_DEPLOYMENT_TARGET = 27.0;
				MARKETING_VERSION = 1.0;
				PRODUCT_BUNDLE_IDENTIFIER = com.misterfrogapps.BookavelleTests;
				PRODUCT_NAME = "$(TARGET_NAME)";
				STRING_CATALOG_GENERATE_SYMBOLS = NO;
				SWIFT_APPROACHABLE_CONCURRENCY = YES;
				SWIFT_EMIT_LOC_STRINGS = NO;
				SWIFT_UPCOMING_FEATURE_MEMBER_IMPORT_VISIBILITY = YES;
				SWIFT_VERSION = 5.0;
				TARGETED_DEVICE_FAMILY = "1,2";
				TEST_HOST = "$(BUILT_PRODUCTS_DIR)/Bookavelle.app/$(BUNDLE_EXECUTABLE_FOLDER_PATH)/Bookavelle";
			};
			name = Debug;
		};
		18B416493062739F00B84060 /* Release configuration for PBXNativeTarget "BookavelleTests" */ = {
			isa = XCBuildConfiguration;
			buildSettings = {
				BUNDLE_LOADER = "$(TEST_HOST)";
				CODE_SIGN_STYLE = Automatic;
				CURRENT_PROJECT_VERSION = 1;
				DEVELOPMENT_TEAM = 8MF89G73K4;
				GENERATE_INFOPLIST_FILE = YES;
				IPHONEOS_DEPLOYMENT_TARGET = 27.0;
				MARKETING_VERSION = 1.0;
				PRODUCT_BUNDLE_IDENTIFIER = com.misterfrogapps.BookavelleTests;
				PRODUCT_NAME = "$(TARGET_NAME)";
				STRING_CATALOG_GENERATE_SYMBOLS = NO;
				SWIFT_APPROACHABLE_CONCURRENCY = YES;
				SWIFT_EMIT_LOC_STRINGS = NO;
				SWIFT_UPCOMING_FEATURE_MEMBER_IMPORT_VISIBILITY = YES;
				SWIFT_VERSION = 5.0;
				TARGETED_DEVICE_FAMILY = "1,2";
				TEST_HOST = "$(BUILT_PRODUCTS_DIR)/Bookavelle.app/$(BUNDLE_EXECUTABLE_FOLDER_PATH)/Bookavelle";
			};
			name = Release;
		};
		18B4164B3062739F00B84060 /* Debug configuration for PBXNativeTarget "BookavelleUITests" */ = {
			isa = XCBuildConfiguration;
			buildSettings = {
				CODE_SIGN_STYLE = Automatic;
				CURRENT_PROJECT_VERSION = 1;
				DEVELOPMENT_TEAM = 8MF89G73K4;
				GENERATE_INFOPLIST_FILE = YES;
				MARKETING_VERSION = 1.0;
				PRODUCT_BUNDLE_IDENTIFIER = com.misterfrogapps.BookavelleUITests;
				PRODUCT_NAME = "$(TARGET_NAME)";
				STRING_CATALOG_GENERATE_SYMBOLS = NO;
				SWIFT_APPROACHABLE_CONCURRENCY = YES;
				SWIFT_EMIT_LOC_STRINGS = NO;
				SWIFT_UPCOMING_FEATURE_MEMBER_IMPORT_VISIBILITY = YES;
				SWIFT_VERSION = 5.0;
				TARGETED_DEVICE_FAMILY = "1,2";
				TEST_TARGET_NAME = Bookavelle;
			};
			name = Debug;
		};
		18B4164C3062739F00B84060 /* Release configuration for PBXNativeTarget "BookavelleUITests" */ = {
			isa = XCBuildConfiguration;
			buildSettings = {
				CODE_SIGN_STYLE = Automatic;
				CURRENT_PROJECT_VERSION = 1;
				DEVELOPMENT_TEAM = 8MF89G73K4;
				GENERATE_INFOPLIST_FILE = YES;
				MARKETING_VERSION = 1.0;
				PRODUCT_BUNDLE_IDENTIFIER = com.misterfrogapps.BookavelleUITests;
				PRODUCT_NAME = "$(TARGET_NAME)";
				STRING_CATALOG_GENERATE_SYMBOLS = NO;
				SWIFT_APPROACHABLE_CONCURRENCY = YES;
				SWIFT_EMIT_LOC_STRINGS = NO;
				SWIFT_UPCOMING_FEATURE_MEMBER_IMPORT_VISIBILITY = YES;
				SWIFT_VERSION = 5.0;
				TARGETED_DEVICE_FAMILY = "1,2";
				TEST_TARGET_NAME = Bookavelle;
			};
			name = Release;
		};
/* End XCBuildConfiguration section */

/* Begin XCConfigurationList section */
		18B416203062739C00B84060 /* Build configuration list for PBXProject "Bookavelle" */ = {
			isa = XCConfigurationList;
			buildConfigurations = (
				18B416423062739F00B84060 /* Debug configuration for PBXProject "Bookavelle" */,
				18B416433062739F00B84060 /* Release configuration for PBXProject "Bookavelle" */,
			);
			defaultConfigurationName = Release;
		};
		18B416443062739F00B84060 /* Build configuration list for PBXNativeTarget "Bookavelle" */ = {
			isa = XCConfigurationList;
			buildConfigurations = (
				18B416453062739F00B84060 /* Debug configuration for PBXNativeTarget "Bookavelle" */,
				18B416463062739F00B84060 /* Release configuration for PBXNativeTarget "Bookavelle" */,
			);
			defaultConfigurationName = Release;
		};
		18B416473062739F00B84060 /* Build configuration list for PBXNativeTarget "BookavelleTests" */ = {
			isa = XCConfigurationList;
			buildConfigurations = (
				18B416483062739F00B84060 /* Debug configuration for PBXNativeTarget "BookavelleTests" */,
				18B416493062739F00B84060 /* Release configuration for PBXNativeTarget "BookavelleTests" */,
			);
			defaultConfigurationName = Release;
		};
		18B4164A3062739F00B84060 /* Build configuration list for PBXNativeTarget "BookavelleUITests" */ = {
			isa = XCConfigurationList;
			buildConfigurations = (
				18B4164B3062739F00B84060 /* Debug configuration for PBXNativeTarget "BookavelleUITests" */,
				18B4164C3062739F00B84060 /* Release configuration for PBXNativeTarget "BookavelleUITests" */,
			);
			defaultConfigurationName = Release;
		};
/* End XCConfigurationList section */
	};
	rootObject = 18B4161D3062739C00B84060 /* Project object */;
	validationLevel = 1;
}
